lockfileVersion: '9.0'

settings:
  autoInstallPeers: true
  excludeLinksFromLockfile: false

importers:

  .:
    devDependencies:
      '@apollo/client':
        specifier: ^3.12.8
        version: 3.12.8(graphql@16.10.0)
      '@types/node':
        specifier: ^22.12.0
        version: 22.12.0

packages:

  '@apollo/client@3.12.8':
    resolution: {integrity: sha512-053z5eCM7zNl81Lxs/SqHv8e+x3sszrtmGS2TNuPW0ZTZzmKATMsIsoblx1Kt0E67Ze3jb99JSPiQHG9ozGc3g==}
    peerDependencies:
      graphql: ^15.0.0 || ^16.0.0
      graphql-ws: ^5.5.5
      react: ^16.8.0 || ^17.0.0 || ^18.0.0 || >=19.0.0-rc
      react-dom: ^16.8.0 || ^17.0.0 || ^18.0.0 || >=19.0.0-rc
      subscriptions-transport-ws: ^0.9.0 || ^0.11.0
    peerDependenciesMeta:
      graphql-ws:
        optional: true
      react:
        optional: true
      react-dom:
        optional: true
      subscriptions-transport-ws:
        optional: true

  '@graphql-typed-document-node/core@3.2.0':
    resolution: {integrity: sha512-mB9oAsNCm9aM3/SOv4YtBMqZbYj10R7dkq8byBqxGY/ncFwhf2oQzMV+LCRlWoDSEBJ3COiR1yeDvMtsoOsuFQ==}
    peerDependencies:
      graphql: ^0.8.0 || ^0.9.0 || ^0.10.0 || ^0.11.0 || ^0.12.0 || ^0.13.0 || ^14.0.0 || ^15.0.0 || ^16.0.0 || ^17.0.0

  '@types/node@22.12.0':
    resolution: {integrity: sha512-Fll2FZ1riMjNmlmJOdAyY5pUbkftXslB5DgEzlIuNaiWhXd00FhWxVC/r4yV/4wBb9JfImTu+jiSvXTkJ7F/gA==}

  '@wry/caches@1.0.1':
    resolution: {integrity: sha512-bXuaUNLVVkD20wcGBWRyo7j9N3TxePEWFZj2Y+r9OoUzfqmavM84+mFykRicNsBqatba5JLay1t48wxaXaWnlA==}
    engines: {node: '>=8'}

  '@wry/context@0.7.4':
    resolution: {integrity: sha512-jmT7Sb4ZQWI5iyu3lobQxICu2nC/vbUhP0vIdd6tHC9PTfenmRmuIFqktc6GH9cgi+ZHnsLWPvfSvc4DrYmKiQ==}
    engines: {node: '>=8'}

  '@wry/equality@0.5.7':
    resolution: {integrity: sha512-BRFORjsTuQv5gxcXsuDXx6oGRhuVsEGwZy6LOzRRfgu+eSfxbhUQ9L9YtSEIuIjY/o7g3iWFjrc5eSY1GXP2Dw==}
    engines: {node: '>=8'}

  '@wry/trie@0.5.0':
    resolution: {integrity: sha512-FNoYzHawTMk/6KMQoEG5O4PuioX19UbwdQKF44yw0nLfOypfQdjtfZzo/UIJWAJ23sNIFbD1Ug9lbaDGMwbqQA==}
    engines: {node: '>=8'}

  graphql-tag@2.12.6:
    resolution: {integrity: sha512-FdSNcu2QQcWnM2VNvSCCDCVS5PpPqpzgFT8+GXzqJuoDd0CBncxCY278u4mhRO7tMgo2JjgJA5aZ+nWSQ/Z+xg==}
    engines: {node: '>=10'}
    peerDependencies:
      graphql: ^0.9.0 || ^0.10.0 || ^0.11.0 || ^0.12.0 || ^0.13.0 || ^14.0.0 || ^15.0.0 || ^16.0.0

  graphql@16.10.0:
    resolution: {integrity: sha512-AjqGKbDGUFRKIRCP9tCKiIGHyriz2oHEbPIbEtcSLSs4YjReZOIPQQWek4+6hjw62H9QShXHyaGivGiYVLeYFQ==}
    engines: {node: ^12.22.0 || ^14.16.0 || ^16.0.0 || >=17.0.0}

  hoist-non-react-statics@3.3.2:
    resolution: {integrity: sha512-/gGivxi8JPKWNm/W0jSmzcMPpfpPLc3dY/6GxhX2hQ9iGj3aDfklV4ET7NjKpSinLpJ5vafa9iiGIEZg10SfBw==}

  js-tokens@4.0.0:
    resolution: {integrity: sha512-RdJUflcE3cUzKiMqQgsCu06FPu9UdIJO0beYbPhHN4k6apgJtifcoCtT9bcxOpYBtpD2kCM6Sbzg4CausW/PKQ==}

  loose-envify@1.4.0:
    resolution: {integrity: sha512-lyuxPGr/Wfhrlem2CL/UcnUc1zcqKAImBDzukY7Y5F/yQiNdko6+fRLevlw1HgMySw7f611UIY408EtxRSoK3Q==}
    hasBin: true

  object-assign@4.1.1:
    resolution: {integrity: sha512-rJgTQnkUnH1sFw8yT6VSU3zD3sWmu6sZhIseY8VX+GRu3P6F7Fu+JNDoXfklElbLJSnc3FUQHVe4cU5hj+BcUg==}
    engines: {node: '>=0.10.0'}

  optimism@0.18.1:
    resolution: {integrity: sha512-mLXNwWPa9dgFyDqkNi54sjDyNJ9/fTI6WGBLgnXku1vdKY/jovHfZT5r+aiVeFFLOz+foPNOm5YJ4mqgld2GBQ==}

  prop-types@15.8.1:
    resolution: {integrity: sha512-oj87CgZICdulUohogVAR7AjlC0327U4el4L6eAvOqCeudMDVU0NThNaV+b9Df4dXgSP1gXMTnPdhfe/2qDH5cg==}

  react-is@16.13.1:
    resolution: {integrity: sha512-24e6ynE2H+OKt4kqsOvNd8kBpV65zoxbA4BVsEOB3ARVWQki/DHzaUoC5KuON/BiccDaCCTZBuOcfZs70kR8bQ==}

  rehackt@0.1.0:
    resolution: {integrity: sha512-7kRDOuLHB87D/JESKxQoRwv4DzbIdwkAGQ7p6QKGdVlY1IZheUnVhlk/4UZlNUVxdAXpyxikE3URsG067ybVzw==}
    peerDependencies:
      '@types/react': '*'
      react: '*'
    peerDependenciesMeta:
      '@types/react':
        optional: true
      react:
        optional: true

  symbol-observable@4.0.0:
    resolution: {integrity: sha512-b19dMThMV4HVFynSAM1++gBHAbk2Tc/osgLIBZMKsyqh34jb2e8Os7T6ZW/Bt3pJFdBTd2JwAnAAEQV7rSNvcQ==}
    engines: {node: '>=0.10'}

  ts-invariant@0.10.3:
    resolution: {integrity: sha512-uivwYcQaxAucv1CzRp2n/QdYPo4ILf9VXgH19zEIjFx2EJufV16P0JtJVpYHy89DItG6Kwj2oIUjrcK5au+4tQ==}
    engines: {node: '>=8'}

  tslib@2.8.1:
    resolution: {integrity: sha512-oJFu94HQb+KVduSUQL7wnpmqnfmLsOA/nAh6b6EH0wCEoK0/mPeXU6c3wKDV83MkOuHPRHtSXKKU99IBazS/2w==}

  undici-types@6.20.0:
    resolution: {integrity: sha512-Ny6QZ2Nju20vw1SRHe3d9jVu6gJ+4e3+MMpqu7pqE5HT6WsTSlce++GQmK5UXS8mzV8DSYHrQH+Xrf2jVcuKNg==}

  zen-observable-ts@1.2.5:
    resolution: {integrity: sha512-QZWQekv6iB72Naeake9hS1KxHlotfRpe+WGNbNx5/ta+R3DNjVO2bswf63gXlWDcs+EMd7XY8HfVQyP1X6T4Zg==}

  zen-observable@0.8.15:
    resolution: {integrity: sha512-PQ2PC7R9rslx84ndNBZB/Dkv8V8fZEpk83RLgXtYd0fwUgEjseMn1Dgajh2x6S8QbZAFa9p2qVCEuYZNgve0dQ==}

snapshots:

  '@apollo/client@3.12.8(graphql@16.10.0)':
    dependencies:
      '@graphql-typed-document-node/core': 3.2.0(graphql@16.10.0)
      '@wry/caches': 1.0.1
      '@wry/equality': 0.5.7
      '@wry/trie': 0.5.0
      graphql: 16.10.0
      graphql-tag: 2.12.6(graphql@16.10.0)
      hoist-non-react-statics: 3.3.2
      optimism: 0.18.1
      prop-types: 15.8.1
      rehackt: 0.1.0
      symbol-observable: 4.0.0
      ts-invariant: 0.10.3
      tslib: 2.8.1
      zen-observable-ts: 1.2.5
    transitivePeerDependencies:
      - '@types/react'

  '@graphql-typed-document-node/core@3.2.0(graphql@16.10.0)':
    dependencies:
      graphql: 16.10.0

  '@types/node@22.12.0':
    dependencies:
      undici-types: 6.20.0

  '@wry/caches@1.0.1':
    dependencies:
      tslib: 2.8.1

  '@wry/context@0.7.4':
    dependencies:
      tslib: 2.8.1

  '@wry/equality@0.5.7':
    dependencies:
      tslib: 2.8.1

  '@wry/trie@0.5.0':
    dependencies:
      tslib: 2.8.1

  graphql-tag@2.12.6(graphql@16.10.0):
    dependencies:
      graphql: 16.10.0
      tslib: 2.8.1

  graphql@16.10.0: {}

  hoist-non-react-statics@3.3.2:
    dependencies:
      react-is: 16.13.1

  js-tokens@4.0.0: {}

  loose-envify@1.4.0:
    dependencies:
      js-tokens: 4.0.0

  object-assign@4.1.1: {}

  optimism@0.18.1:
    dependencies:
      '@wry/caches': 1.0.1
      '@wry/context': 0.7.4
      '@wry/trie': 0.5.0
      tslib: 2.8.1

  prop-types@15.8.1:
    dependencies:
      loose-envify: 1.4.0
      object-assign: 4.1.1
      react-is: 16.13.1

  react-is@16.13.1: {}

  rehackt@0.1.0: {}

  symbol-observable@4.0.0: {}

  ts-invariant@0.10.3:
    dependencies:
      tslib: 2.8.1

  tslib@2.8.1: {}

  undici-types@6.20.0: {}

  zen-observable-ts@1.2.5:
    dependencies:
      zen-observable: 0.8.15

  zen-observable@0.8.15: {}
